
Microsoft Visual Studio Solution File, Format Version 12.00
# Visual Studio 15
VisualStudioVersion = 15.0.28307.329
MinimumVisualStudioVersion = 10.0.40219.1
Project("{FAE04EC0-301F-11D3-BF4B-00C04F79EFBC}") = "WebApplication2", "WebApplication2\WebApplication2.csproj", "{B88BC31E-7414-450A-A463-47FDAEB83DC9}"
EndProject
Global
	GlobalSection(SolutionConfigurationPlatforms) = preSolution
		Debug|Any CPU = Debug|Any CPU
		Release|Any CPU = Release|Any CPU
	EndGlobalSection
	GlobalSection(ProjectConfigurationPlatforms) = postSolution
		{B88BC31E-7414-450A-A463-47FDAEB83DC9}.Debug|Any CPU.ActiveCfg = Debug|Any CPU
		{B88BC31E-7414-450A-A463-47FDAEB83DC9}.Debug|Any CPU.Build.0 = Debug|Any CPU
		{B88BC31E-7414-450A-A463-47FDAEB83DC9}.Release|Any CPU.ActiveCfg = Release|Any CPU
		{B88BC31E-7414-450A-A463-47FDAEB83DC9}.Release|Any CPU.Build.0 = Release|Any CPU
	EndGlobalSection
	GlobalSection(SolutionProperties) = preSolution
		HideSolutionNode = FALSE
	EndGlobalSection
	GlobalSection(ExtensibilityGlobals) = postSolution
		SolutionGuid = {B11BAA2B-178C-40A3-BB8A-9225E6F82E71}
	EndGlobalSection
EndGlobal
